// !$*UTF8*$!
{
	archiveVersion = 1;
	classes = {
	};
	objectVersion = 55;
	objects = {

/* Begin PBXBuildFile section */
		AEC2EFD3287FADD00092592F /* AppDelegate.swift in Sources */ = {isa = PBXBuildFile; fileRef = AEC2EFD2287FADD00092592F /* AppDelegate.swift */; };
		AEC2EFD5287FADD00092592F /* SceneDelegate.swift in Sources */ = {isa = PBXBuildFile; fileRef = AEC2EFD4287FADD00092592F /* SceneDelegate.swift */; };
		AEC2EFD7287FADD00092592F /* ViewController.swift in Sources */ = {isa = PBXBuildFile; fileRef = AEC2EFD6287FADD00092592F /* ViewController.swift */; };
		AEC2EFDA287FADD00092592F /* Main.storyboard in Resources */ = {isa = PBXBuildFile; fileRef = AEC2EFD8287FADD00092592F /* Main.storyboard */; };
		AEC2EFDC287FADD10092592F /* Assets.xcassets in Resources */ = {isa = PBXBuildFile; fileRef = AEC2EFDB287FADD10092592F /* Assets.xcassets */; };
		AEC2EFDF287FADD10092592F /* LaunchScreen.storyboard in Resources */ = {isa = PBXBuildFile; fileRef = AEC2EFDD287FADD10092592F /* LaunchScreen.storyboard */; };
		AEC2EFF1287FB83A0092592F /* 2.jpg in Resources */ = {isa = PBXBuildFile; fileRef = AEC2EFE7287FB8390092592F /* 2.jpg */; };
		AEC2EFF2287FB83A0092592F /* 6.jpg in Resources */ = {isa = PBXBuildFile; fileRef = AEC2EFE8287FB8390092592F /* 6.jpg */; };
		AEC2EFF3287FB83A0092592F /* 3.jpg in Resources */ = {isa = PBXBuildFile; fileRef = AEC2EFE9287FB8390092592F /* 3.jpg */; };
		AEC2EFF4287FB83A0092592F /* 4.jpg in Resources */ = {isa = PBXBuildFile; fileRef = AEC2EFEA287FB8390092592F /* 4.jpg */; };
		AEC2EFF5287FB83A0092592F /* 7.jpg in Resources */ = {isa = PBXBuildFile; fileRef = AEC2EFEB287FB8390092592F /* 7.jpg */; };
		AEC2EFF6287FB83A0092592F /* 5.jpg in Resources */ = {isa = PBXBuildFile; fileRef = AEC2EFEC287FB8390092592F /* 5.jpg */; };
		AEC2EFF7287FB83A0092592F /* 9.jpg in Resources */ = {isa = PBXBuildFile; fileRef = AEC2EFED287FB8390092592F /* 9.jpg */; };
		AEC2EFF8287FB83A0092592F /* 8.jpg in Resources */ = {isa = PBXBuildFile; fileRef = AEC2EFEE287FB83A0092592F /* 8.jpg */; };
		AEC2EFF9287FB83A0092592F /* 1.jpg in Resources */ = {isa = PBXBuildFile; fileRef = AEC2EFEF287FB83A0092592F /* 1.jpg */; };
		AEC2EFFA287FB83A0092592F /* 10.jpg in Resources */ = {isa = PBXBuildFile; fileRef = AEC2EFF0287FB83A0092592F /* 10.jpg */; };
/* End PBXBuildFile section */

/* Begin PBXFileReference section */
		AEC2EFCF287FADD00092592F /* PickerView.app */ = {isa = PBXFileReference; explicitFileType = wrapper.application; includeInIndex = 0; path = PickerView.app; sourceTree = BUILT_PRODUCTS_DIR; };
		AEC2EFD2287FADD00092592F /* AppDelegate.swift */ = {isa = PBXFileReference; lastKnownFileType = sourcecode.swift; path = AppDelegate.swift; sourceTree = "<group>"; };
		AEC2EFD4287FADD00092592F /* SceneDelegate.swift */ = {isa = PBXFileReference; lastKnownFileType = sourcecode.swift; path = SceneDelegate.swift; sourceTree = "<group>"; };
		AEC2EFD6287FADD00092592F /* ViewController.swift */ = {isa = PBXFileReference; lastKnownFileType = sourcecode.swift; path = ViewController.swift; sourceTree = "<group>"; };
		AEC2EFD9287FADD00092592F /* Base */ = {isa = PBXFileReference; lastKnownFileType = file.storyboard; name = Base; path = Base.lproj/Main.storyboard; sourceTree = "<group>"; };
		AEC2EFDB287FADD10092592F /* Assets.xcassets */ = {isa = PBXFileReference; lastKnownFileType = folder.assetcatalog; path = Assets.xcassets; sourceTree = "<group>"; };
		AEC2EFDE287FADD10092592F /* Base */ = {isa = PBXFileReference; lastKnownFileType = file.storyboard; name = Base; path = Base.lproj/LaunchScreen.storyboard; sourceTree = "<group>"; };
		AEC2EFE0287FADD20092592F /* Info.plist */ = {isa = PBXFileReference; lastKnownFileType = text.plist.xml; path = Info.plist; sourceTree = "<group>"; };
		AEC2EFE7287FB8390092592F /* 2.jpg */ = {isa = PBXFileReference; lastKnownFileType = image.jpeg; path = 2.jpg; sourceTree = "<group>"; };
		AEC2EFE8287FB8390092592F /* 6.jpg */ = {isa = PBXFileReference; lastKnownFileType = image.jpeg; path = 6.jpg; sourceTree = "<group>"; };
		AEC2EFE9287FB8390092592F /* 3.jpg */ = {isa = PBXFileReference; lastKnownFileType = image.jpeg; path = 3.jpg; sourceTree = "<group>"; };
		AEC2EFEA287FB8390092592F /* 4.jpg */ = {isa = PBXFileReference; lastKnownFileType = image.jpeg; path = 4.jpg; sourceTree = "<group>"; };
		AEC2EFEB287FB8390092592F /* 7.jpg */ = {isa = PBXFileReference; lastKnownFileType = image.jpeg; path = 7.jpg; sourceTree = "<group>"; };
		AEC2EFEC287FB8390092592F /* 5.jpg */ = {isa = PBXFileReference; lastKnownFileType = image.jpeg; path = 5.jpg; sourceTree = "<group>"; };
		AEC2EFED287FB8390092592F /* 9.jpg */ = {isa = PBXFileReference; lastKnownFileType = image.jpeg; path = 9.jpg; sourceTree = "<group>"; };
		AEC2EFEE287FB83A0092592F /* 8.jpg */ = {isa = PBXFileReference; lastKnownFileType = image.jpeg; path = 8.jpg; sourceTree = "<group>"; };
		AEC2EFEF287FB83A0092592F /* 1.jpg */ = {isa = PBXFileReference; lastKnownFileType = image.jpeg; path = 1.jpg; sourceTree = "<group>"; };
		AEC2EFF0287FB83A0092592F /* 10.jpg */ = {isa = PBXFileReference; lastKnownFileType = image.jpeg; path = 10.jpg; sourceTree = "<group>"; };
/* End PBXFileReference section */

/* Begin PBXFrameworksBuildPhase section */
		AEC2EFCC287FADD00092592F /* Frameworks */ = {
			isa = PBXFrameworksBuildPhase;
			buildActionMask = 2147483647;
			files = (
			);
			runOnlyForDeploymentPostprocessing = 0;
		};
/* End PBXFrameworksBuildPhase section */

/* Begin PBXGroup section */
		AEC2EFC6287FADD00092592F = {
			isa = PBXGroup;
			children = (
				AEC2EFD1287FADD00092592F /* PickerView */,
				AEC2EFD0287FADD00092592F /* Products */,
			);
			sourceTree = "<group>";
		};
		AEC2EFD0287FADD00092592F /* Products */ = {
			isa = PBXGroup;
			children = (
				AEC2EFCF287FADD00092592F /* PickerView.app */,
			);
			name = Products;
			sourceTree = "<group>";
		};
		AEC2EFD1287FADD00092592F /* PickerView */ = {
			isa = PBXGroup;
			children = (
				AEC2EFE6287FB7BF0092592F /* images */,
				AEC2EFD2287FADD00092592F /* AppDelegate.swift */,
				AEC2EFD4287FADD00092592F /* SceneDelegate.swift */,
				AEC2EFD6287FADD00092592F /* ViewController.swift */,
				AEC2EFD8287FADD00092592F /* Main.storyboard */,
				AEC2EFDB287FADD10092592F /* Assets.xcassets */,
				AEC2EFDD287FADD10092592F /* LaunchScreen.storyboard */,
				AEC2EFE0287FADD20092592F /* Info.plist */,
			);
			path = PickerView;
			sourceTree = "<group>";
		};
		AEC2EFE6287FB7BF0092592F /* images */ = {
			isa = PBXGroup;
			children = (
				AEC2EFEF287FB83A0092592F /* 1.jpg */,
				AEC2EFE7287FB8390092592F /* 2.jpg */,
				AEC2EFE9287FB8390092592F /* 3.jpg */,
				AEC2EFEA287FB8390092592F /* 4.jpg */,
				AEC2EFEC287FB8390092592F /* 5.jpg */,
				AEC2EFE8287FB8390092592F /* 6.jpg */,
				AEC2EFEB287FB8390092592F /* 7.jpg */,
				AEC2EFEE287FB83A0092592F /* 8.jpg */,
				AEC2EFED287FB8390092592F /* 9.jpg */,
				AEC2EFF0287FB83A0092592F /* 10.jpg */,
			);
			path = images;
			sourceTree = "<group>";
		};
/* End PBXGroup section */

/* Begin PBXNativeTarget section */
		AEC2EFCE287FADD00092592F /* PickerView */ = {
			isa = PBXNativeTarget;
			buildConfigurationList = AEC2EFE3287FADD20092592F /* Build configuration list for PBXNativeTarget "PickerView" */;
			buildPhases = (
				AEC2EFCB287FADD00092592F /* Sources */,
				AEC2EFCC287FADD00092592F /* Frameworks */,
				AEC2EFCD287FADD00092592F /* Resources */,
			);
			buildRules = (
			);
			dependencies = (
			);
			name = PickerView;
			productName = PickerView;
			productReference = AEC2EFCF287FADD00092592F /* PickerView.app */;
			productType = "com.apple.product-type.application";
		};
/* End PBXNativeTarget section */

/* Begin PBXProject section */
		AEC2EFC7287FADD00092592F /* Project object */ = {
			isa = PBXProject;
			attributes = {
				BuildIndependentTargetsInParallel = 1;
				LastSwiftUpdateCheck = 1340;
				LastUpgradeCheck = 1340;
				TargetAttributes = {
					AEC2EFCE287FADD00092592F = {
						CreatedOnToolsVersion = 13.4.1;
					};
				};
			};
			buildConfigurationList = AEC2EFCA287FADD00092592F /* Build configuration list for PBXProject "PickerView" */;
			compatibilityVersion = "Xcode 13.0";
			developmentRegion = en;
			hasScannedForEncodings = 0;
			knownRegions = (
				en,
				Base,
			);
			mainGroup = AEC2EFC6287FADD00092592F;
			productRefGroup = AEC2EFD0287FADD00092592F /* Products */;
			projectDirPath = "";
			projectRoot = "";
			targets = (
				AEC2EFCE287FADD00092592F /* PickerView */,
			);
		};
/* End PBXProject section */

/* Begin PBXResourcesBuildPhase section */
		AEC2EFCD287FADD00092592F /* Resources */ = {
			isa = PBXResourcesBuildPhase;
			buildActionMask = 2147483647;
			files = (
				AEC2EFFA287FB83A0092592F /* 10.jpg in Resources */,
				AEC2EFF8287FB83A0092592F /* 8.jpg in Resources */,
				AEC2EFDF287FADD10092592F /* LaunchScreen.storyboard in Resources */,
				AEC2EFF4287FB83A0092592F /* 4.jpg in Resources */,
				AEC2EFDC287FADD10092592F /* Assets.xcassets in Resources */,
				AEC2EFF7287FB83A0092592F /* 9.jpg in Resources */,
				AEC2EFF6287FB83A0092592F /* 5.jpg in Resources */,
				AEC2EFF5287FB83A0092592F /* 7.jpg in Resources */,
				AEC2EFF1287FB83A0092592F /* 2.jpg in Resources */,
				AEC2EFF3287FB83A0092592F /* 3.jpg in Resources */,
				AEC2EFF9287FB83A0092592F /* 1.jpg in Resources */,
				AEC2EFDA287FADD00092592F /* Main.storyboard in Resources */,
				AEC2EFF2287FB83A0092592F /* 6.jpg in Resources */,
			);
			runOnlyForDeploymentPostprocessing = 0;
		};
/* End PBXResourcesBuildPhase section */

/* Begin PBXSourcesBuildPhase section */
		AEC2EFCB287FADD00092592F /* Sources */ = {
			isa = PBXSourcesBuildPhase;
			buildActionMask = 2147483647;
			files = (
				AEC2EFD7287FADD00092592F /* ViewController.swift in Sources */,
				AEC2EFD3287FADD00092592F /* AppDelegate.swift in Sources */,
				AEC2EFD5287FADD00092592F /* SceneDelegate.swift in Sources */,
			);
			runOnlyForDeploymentPostprocessing = 0;
		};
/* End PBXSourcesBuildPhase section */

/* Begin PBXVariantGroup section */
		AEC2EFD8287FADD00092592F /* Main.storyboard */ = {
			isa = PBXVariantGroup;
			children = (
				AEC2EFD9287FADD00092592F /* Base */,
			);
			name = Main.storyboard;
			sourceTree = "<group>";
		};
		AEC2EFDD287FADD10092592F /* LaunchScreen.storyboard */ = {
			isa = PBXVariantGroup;
			children = (
				AEC2EFDE287FADD10092592F /* Base */,
			);
			name = LaunchScreen.storyboard;
			sourceTree = "<group>";
		};
/* End PBXVariantGroup section */

/* Begin XCBuildConfiguration section */
		AEC2EFE1287FADD20092592F /* Debug */ = {
			isa = XCBuildConfiguration;
			buildSettings = {
				ALWAYS_SEARCH_USER_PATHS = NO;
				CLANG_ANALYZER_NONNULL = YES;
				CLANG_ANALYZER_NUMBER_OBJECT_CONVERSION = YES_AGGRESSIVE;
				CLANG_CXX_LANGUAGE_STANDARD = "gnu++17";
				CLANG_ENABLE_MODULES = YES;
				CLANG_ENABLE_OBJC_ARC = YES;
				CLANG_ENABLE_OBJC_WEAK = YES;
				CLANG_WARN_BLOCK_CAPTURE_AUTORELEASING = YES;
				CLANG_WARN_BOOL_CONVERSION = YES;
				CLANG_WARN_COMMA = YES;
				CLANG_WARN_CONSTANT_CONVERSION = YES;
				CLANG_WARN_DEPRECATED_OBJC_IMPLEMENTATIONS = YES;
				CLANG_WARN_DIRECT_OBJC_ISA_USAGE = YES_ERROR;
				CLANG_WARN_DOCUMENTATION_COMMENTS = YES;
				CLANG_WARN_EMPTY_BODY = YES;
				CLANG_WARN_ENUM_CONVERSION = YES;
				CLANG_WARN_INFINITE_RECURSION = YES;
				CLANG_WARN_INT_CONVERSION = YES;
				CLANG_WARN_NON_LITERAL_NULL_CONVERSION = YES;
				CLANG_WARN_OBJC_IMPLICIT_RETAIN_SELF = YES;
				CLANG_WARN_OBJC_LITERAL_CONVERSION = YES;
				CLANG_WARN_OBJC_ROOT_CLASS = YES_ERROR;
				CLANG_WARN_QUOTED_INCLUDE_IN_FRAMEWORK_HEADER = YES;
				CLANG_WARN_RANGE_LOOP_ANALYSIS = YES;
				CLANG_WARN_STRICT_PROTOTYPES = YES;
				CLANG_WARN_SUSPICIOUS_MOVE = YES;
				CLANG_WARN_UNGUARDED_AVAILABILITY = YES_AGGRESSIVE;
				CLANG_WARN_UNREACHABLE_CODE = YES;
				CLANG_WARN__DUPLICATE_METHOD_MATCH = YES;
				COPY_PHASE_STRIP = NO;
				DEBUG_INFORMATION_FORMAT = dwarf;
				ENABLE_STRICT_OBJC_MSGSEND = YES;
				ENABLE_TESTABILITY = YES;
				GCC_C_LANGUAGE_STANDARD = gnu11;
				GCC_DYNAMIC_NO_PIC = NO;
				GCC_NO_COMMON_BLOCKS = YES;
				GCC_OPTIMIZATION_LEVEL = 0;
				GCC_PREPROCESSOR_DEFINITIONS = (
					"DEBUG=1",
					"$(inherited)",
				);
				GCC_WARN_64_TO_32_BIT_CONVERSION = YES;
				GCC_WARN_ABOUT_RETURN_TYPE = YES_ERROR;
				GCC_WARN_UNDECLARED_SELECTOR = YES;
				GCC_WARN_UNINITIALIZED_AUTOS = YES_AGGRESSIVE;
				GCC_WARN_UNUSED_FUNCTION = YES;
				GCC_WARN_UNUSED_VARIABLE = YES;
				IPHONEOS_DEPLOYMENT_TARGET = 15.5;
				MTL_ENABLE_DEBUG_INFO = INCLUDE_SOURCE;
				MTL_FAST_MATH = YES;
				ONLY_ACTIVE_ARCH = YES;
				SDKROOT = iphoneos;
				SWIFT_ACTIVE_COMPILATION_CONDITIONS = DEBUG;
				SWIFT_OPTIMIZATION_LEVEL = "-Onone";
			};
			name = Debug;
		};
		AEC2EFE2287FADD20092592F /* Release */ = {
			isa = XCBuildConfiguration;
			buildSettings = {
				ALWAYS_SEARCH_USER_PATHS = NO;
				CLANG_ANALYZER_NONNULL = YES;
				CLANG_ANALYZER_NUMBER_OBJECT_CONVERSION = YES_AGGRESSIVE;
				CLANG_CXX_LANGUAGE_STANDARD = "gnu++17";
				CLANG_ENABLE_MODULES = YES;
				CLANG_ENABLE_OBJC_ARC = YES;
				CLANG_ENABLE_OBJC_WEAK = YES;
				CLANG_WARN_BLOCK_CAPTURE_AUTORELEASING = YES;
				CLANG_WARN_BOOL_CONVERSION = YES;
				CLANG_WARN_COMMA = YES;
				CLANG_WARN_CONSTANT_CONVERSION = YES;
				CLANG_WARN_DEPRECATED_OBJC_IMPLEMENTATIONS = YES;
				CLANG_WARN_DIRECT_OBJC_ISA_USAGE = YES_ERROR;
				CLANG_WARN_DOCUMENTATION_COMMENTS = YES;
				CLANG_WARN_EMPTY_BODY = YES;
				CLANG_WARN_ENUM_CONVERSION = YES;
				CLANG_WARN_INFINITE_RECURSION = YES;
				CLANG_WARN_INT_CONVERSION = YES;
				CLANG_WARN_NON_LITERAL_NULL_CONVERSION = YES;
				CLANG_WARN_OBJC_IMPLICIT_RETAIN_SELF = YES;
				CLANG_WARN_OBJC_LITERAL_CONVERSION = YES;
				CLANG_WARN_OBJC_ROOT_CLASS = YES_ERROR;
				CLANG_WARN_QUOTED_INCLUDE_IN_FRAMEWORK_HEADER = YES;
				CLANG_WARN_RANGE_LOOP_ANALYSIS = YES;
				CLANG_WARN_STRICT_PROTOTYPES = YES;
				CLANG_WARN_SUSPICIOUS_MOVE = YES;
				CLANG_WARN_UNGUARDED_AVAILABILITY = YES_AGGRESSIVE;
				CLANG_WARN_UNREACHABLE_CODE = YES;
				CLANG_WARN__DUPLICATE_METHOD_MATCH = YES;
				COPY_PHASE_STRIP = NO;
				DEBUG_INFORMATION_FORMAT = "dwarf-with-dsym";
				ENABLE_NS_ASSERTIONS = NO;
				ENABLE_STRICT_OBJC_MSGSEND = YES;
				GCC_C_LANGUAGE_STANDARD = gnu11;
				GCC_NO_COMMON_BLOCKS = YES;
				GCC_WARN_64_TO_32_BIT_CONVERSION = YES;
				GCC_WARN_ABOUT_RETURN_TYPE = YES_ERROR;
				GCC_WARN_UNDECLARED_SELECTOR = YES;
				GCC_WARN_UNINITIALIZED_AUTOS = YES_AGGRESSIVE;
				GCC_WARN_UNUSED_FUNCTION = YES;
				GCC_WARN_UNUSED_VARIABLE = YES;
				IPHONEOS_DEPLOYMENT_TARGET = 15.5;
				MTL_ENABLE_DEBUG_INFO = NO;
				MTL_FAST_MATH = YES;
				SDKROOT = iphoneos;
				SWIFT_COMPILATION_MODE = wholemodule;
				SWIFT_OPTIMIZATION_LEVEL = "-O";
				VALIDATE_PRODUCT = YES;
			};
			name = Release;
		};
		AEC2EFE4287FADD20092592F /* Debug */ = {
			isa = XCBuildConfiguration;
			buildSettings = {
				ASSETCATALOG_COMPILER_APPICON_NAME = AppIcon;
				ASSETCATALOG_COMPILER_GLOBAL_ACCENT_COLOR_NAME = AccentColor;
				CODE_SIGN_STYLE = Automatic;
				CURRENT_PROJECT_VERSION = 1;
				DEVELOPMENT_TEAM = KJDC2Y8H65;
				GENERATE_INFOPLIST_FILE = YES;
				INFOPLIST_FILE = PickerView/Info.plist;
				INFOPLIST_KEY_UIApplicationSupportsIndirectInputEvents = YES;
				INFOPLIST_KEY_UILaunchStoryboardName = LaunchScreen;
				INFOPLIST_KEY_UIMainStoryboardFile = Main;
				INFOPLIST_KEY_UISupportedInterfaceOrientations_iPad = "UIInterfaceOrientationPortrait UIInterfaceOrientationPortraitUpsideDown UIInterfaceOrientationLandscapeLeft UIInterfaceOrientationLandscapeRight";
				INFOPLIST_KEY_UISupportedInterfaceOrientations_iPhone = "UIInterfaceOrientationPortrait UIInterfaceOrientationLandscapeLeft UIInterfaceOrientationLandscapeRight";
				LD_RUNPATH_SEARCH_PATHS = (
					"$(inherited)",
					"@executable_path/Frameworks",
				);
				MARKETING_VERSION = 1.0;
				PRODUCT_BUNDLE_IDENTIFIER = com.sangeun.PickerView;
				PRODUCT_NAME = "$(TARGET_NAME)";
				SWIFT_EMIT_LOC_STRINGS = YES;
				SWIFT_VERSION = 5.0;
				TARGETED_DEVICE_FAMILY = "1,2";
			};
			name = Debug;
		};
		AEC2EFE5287FADD20092592F /* Release */ = {
			isa = XCBuildConfiguration;
			buildSettings = {
				ASSETCATALOG_COMPILER_APPICON_NAME = AppIcon;
				ASSETCATALOG_COMPILER_GLOBAL_ACCENT_COLOR_NAME = AccentColor;
				CODE_SIGN_STYLE = Automatic;
				CURRENT_PROJECT_VERSION = 1;
				DEVELOPMENT_TEAM = KJDC2Y8H65;
				GENERATE_INFOPLIST_FILE = YES;
				INFOPLIST_FILE = PickerView/Info.plist;
				INFOPLIST_KEY_UIApplicationSupportsIndirectInputEvents = YES;
				INFOPLIST_KEY_UILaunchStoryboardName = LaunchScreen;
				INFOPLIST_KEY_UIMainStoryboardFile = Main;
				INFOPLIST_KEY_UISupportedInterfaceOrientations_iPad = "UIInterfaceOrientationPortrait UIInterfaceOrientationPortraitUpsideDown UIInterfaceOrientationLandscapeLeft UIInterfaceOrientationLandscapeRight";
				INFOPLIST_KEY_UISupportedInterfaceOrientations_iPhone = "UIInterfaceOrientationPortrait UIInterfaceOrientationLandscapeLeft UIInterfaceOrientationLandscapeRight";
				LD_RUNPATH_SEARCH_PATHS = (
					"$(inherited)",
					"@executable_path/Frameworks",
				);
				MARKETING_VERSION = 1.0;
				PRODUCT_BUNDLE_IDENTIFIER = com.sangeun.PickerView;
				PRODUCT_NAME = "$(TARGET_NAME)";
				SWIFT_EMIT_LOC_STRINGS = YES;
				SWIFT_VERSION = 5.0;
				TARGETED_DEVICE_FAMILY = "1,2";
			};
			name = Release;
		};
/* End XCBuildConfiguration section */

/* Begin XCConfigurationList section */
		AEC2EFCA287FADD00092592F /* Build configuration list for PBXProject "PickerView" */ = {
			isa = XCConfigurationList;
			buildConfigurations = (
				AEC2EFE1287FADD20092592F /* Debug */,
				AEC2EFE2287FADD20092592F /* Release */,
			);
			defaultConfigurationIsVisible = 0;
			defaultConfigurationName = Release;
		};
		AEC2EFE3287FADD20092592F /* Build configuration list for PBXNativeTarget "PickerView" */ = {
			isa = XCConfigurationList;
			buildConfigurations = (
				AEC2EFE4287FADD20092592F /* Debug */,
				AEC2EFE5287FADD20092592F /* Release */,
			);
			defaultConfigurationIsVisible = 0;
			defaultConfigurationName = Release;
		};
/* End XCConfigurationList section */
	};
	rootObject = AEC2EFC7287FADD00092592F /* Project object */;
}
